{
  "name": "examples",
  "version": "1.1.0",
  "lockfileVersion": 3,
  "requires": true,
  "packages": {
    "": {
      "name": "examples",
      "version": "1.1.0",
      "license": "ISC",
      "dependencies": {
        "vex-tm-client": "file:../"
      }
    },
    "..": {
      "version": "1.1.0",
      "license": "MIT",
      "dependencies": {
        "@types/cheerio": "^0.22.16",
        "@types/node-fetch": "^2.5.4",
        "@types/ws": "^7.2.1",
        "node-fetch": "^2.6.0",
        "protobufjs": "^7.2.4",
        "ws": "^7.2.1"
      },
      "devDependencies": {
        "@types/node": "^20.9.4",
        "rimraf": "^5.0.5"
      }
    },
    "node_modules/vex-tm-client": {
      "resolved": "..",
      "link": true
    }
  }
}
