{
  "name": "examples",
  "version": "1.1.0",
  "lockfileVersion": 3,
  "requires": true,
  "packages": {
    "": {
      "name": "examples",
      "version": "1.1.0",
      "license": "ISC",
      "dependencies": {
        "vex-tm-client": "file:../"
      }
    },
    "..": {
      "version": "1.4.1",
      "license": "MIT",
      "dependencies": {
        "ws": "^8.18.3"
      },
      "devDependencies": {
        "@types/node": "^24.0.13",
        "@types/ws": "^8.18.1",
        "rimraf": "^5.0.5",
        "typescript": "^5.3.0"
      }
    },
    "node_modules/vex-tm-client": {
      "resolved": "..",
      "link": true
    }
  }
}
